
Microsoft Visual Studio Solution File, Format Version 12.00
# Visual Studio Version 17
VisualStudioVersion = 17.7.34031.279
MinimumVisualStudioVersion = 10.0.40219.1
Project("{9A19103F-16F7-4668-BE54-9A1E7A4F7556}") = "ProcessingImages", "ProcessingImages\ProcessingImages.csproj", "{1095A7B9-2DFD-40F4-B7BE-7B0D198E70E2}"
EndProject
Project("{FAE04EC0-301F-11D3-BF4B-00C04F79EFBC}") = "Business", "Business\Business.csproj", "{CA409804-CA7E-47F1-BC7E-7B04993037E4}"
EndProject
Global
	GlobalSection(SolutionConfigurationPlatforms) = preSolution
		Debug|Any CPU = Debug|Any CPU
		Release|Any CPU = Release|Any CPU
	EndGlobalSection
	GlobalSection(ProjectConfigurationPlatforms) = postSolution
		{1095A7B9-2DFD-40F4-B7BE-7B0D198E70E2}.Debug|Any CPU.ActiveCfg = Debug|Any CPU
		{1095A7B9-2DFD-40F4-B7BE-7B0D198E70E2}.Debug|Any CPU.Build.0 = Debug|Any CPU
		{1095A7B9-2DFD-40F4-B7BE-7B0D198E70E2}.Debug|Any CPU.Deploy.0 = Debug|Any CPU
		{1095A7B9-2DFD-40F4-B7BE-7B0D198E70E2}.Release|Any CPU.ActiveCfg = Release|Any CPU
		{1095A7B9-2DFD-40F4-B7BE-7B0D198E70E2}.Release|Any CPU.Build.0 = Release|Any CPU
		{1095A7B9-2DFD-40F4-B7BE-7B0D198E70E2}.Release|Any CPU.Deploy.0 = Release|Any CPU
		{CA409804-CA7E-47F1-BC7E-7B04993037E4}.Debug|Any CPU.ActiveCfg = Debug|Any CPU
		{CA409804-CA7E-47F1-BC7E-7B04993037E4}.Debug|Any CPU.Build.0 = Debug|Any CPU
		{CA409804-CA7E-47F1-BC7E-7B04993037E4}.Release|Any CPU.ActiveCfg = Release|Any CPU
		{CA409804-CA7E-47F1-BC7E-7B04993037E4}.Release|Any CPU.Build.0 = Release|Any CPU
	EndGlobalSection
	GlobalSection(SolutionProperties) = preSolution
		HideSolutionNode = FALSE
	EndGlobalSection
	GlobalSection(ExtensibilityGlobals) = postSolution
		SolutionGuid = {6194D860-55E3-4C6B-9DF9-19D6DE432D50}
	EndGlobalSection
EndGlobal
